
Microsoft Visual Studio Solution File, Format Version 12.00
# Visual Studio Version 17
VisualStudioVersion = 17.7.34221.43
MinimumVisualStudioVersion = 10.0.40219.1
Project("{FAE04EC0-301F-11D3-BF4B-00C04F79EFBC}") = "Navie_base_spam_mail", "Navie_base_spam_mail\Navie_base_spam_mail.csproj", "{1CEA4AB9-DEAD-4A6A-BB49-9AE0CE7B8157}"
EndProject
Global
	GlobalSection(SolutionConfigurationPlatforms) = preSolution
		Debug|Any CPU = Debug|Any CPU
		Release|Any CPU = Release|Any CPU
	EndGlobalSection
	GlobalSection(ProjectConfigurationPlatforms) = postSolution
		{1CEA4AB9-DEAD-4A6A-BB49-9AE0CE7B8157}.Debug|Any CPU.ActiveCfg = Debug|Any CPU
		{1CEA4AB9-DEAD-4A6A-BB49-9AE0CE7B8157}.Debug|Any CPU.Build.0 = Debug|Any CPU
		{1CEA4AB9-DEAD-4A6A-BB49-9AE0CE7B8157}.Release|Any CPU.ActiveCfg = Release|Any CPU
		{1CEA4AB9-DEAD-4A6A-BB49-9AE0CE7B8157}.Release|Any CPU.Build.0 = Release|Any CPU
	EndGlobalSection
	GlobalSection(SolutionProperties) = preSolution
		HideSolutionNode = FALSE
	EndGlobalSection
	GlobalSection(ExtensibilityGlobals) = postSolution
		SolutionGuid = {A6E78C47-80F1-474F-BECC-B45425D23234}
	EndGlobalSection
EndGlobal
