
Microsoft Visual Studio Solution File, Format Version 12.00
# Visual Studio Version 17
VisualStudioVersion = 17.7.34302.85
MinimumVisualStudioVersion = 10.0.40219.1
Project("{FAE04EC0-301F-11D3-BF4B-00C04F79EFBC}") = "MDP", "MDP\MDP.csproj", "{B8B22F88-E56E-41AD-BFAF-D0DB793F35CC}"
EndProject
Global
	GlobalSection(SolutionConfigurationPlatforms) = preSolution
		Debug|Any CPU = Debug|Any CPU
		Release|Any CPU = Release|Any CPU
	EndGlobalSection
	GlobalSection(ProjectConfigurationPlatforms) = postSolution
		{B8B22F88-E56E-41AD-BFAF-D0DB793F35CC}.Debug|Any CPU.ActiveCfg = Debug|Any CPU
		{B8B22F88-E56E-41AD-BFAF-D0DB793F35CC}.Debug|Any CPU.Build.0 = Debug|Any CPU
		{B8B22F88-E56E-41AD-BFAF-D0DB793F35CC}.Release|Any CPU.ActiveCfg = Release|Any CPU
		{B8B22F88-E56E-41AD-BFAF-D0DB793F35CC}.Release|Any CPU.Build.0 = Release|Any CPU
	EndGlobalSection
	GlobalSection(SolutionProperties) = preSolution
		HideSolutionNode = FALSE
	EndGlobalSection
	GlobalSection(ExtensibilityGlobals) = postSolution
		SolutionGuid = {EBF4002C-6CF7-4C94-B6E9-FB0FBD5441EB}
	EndGlobalSection
EndGlobal
