
Microsoft Visual Studio Solution File, Format Version 12.00
# Visual Studio Version 17
VisualStudioVersion = 17.7.34031.279
MinimumVisualStudioVersion = 10.0.40219.1
Project("{FAE04EC0-301F-11D3-BF4B-00C04F79EFBC}") = "BackProPagation", "BackProPagation\BackProPagation.csproj", "{94BF07BF-A50D-441B-A0BA-52C8E02795C9}"
EndProject
Global
	GlobalSection(SolutionConfigurationPlatforms) = preSolution
		Debug|Any CPU = Debug|Any CPU
		Release|Any CPU = Release|Any CPU
	EndGlobalSection
	GlobalSection(ProjectConfigurationPlatforms) = postSolution
		{94BF07BF-A50D-441B-A0BA-52C8E02795C9}.Debug|Any CPU.ActiveCfg = Debug|Any CPU
		{94BF07BF-A50D-441B-A0BA-52C8E02795C9}.Debug|Any CPU.Build.0 = Debug|Any CPU
		{94BF07BF-A50D-441B-A0BA-52C8E02795C9}.Release|Any CPU.ActiveCfg = Release|Any CPU
		{94BF07BF-A50D-441B-A0BA-52C8E02795C9}.Release|Any CPU.Build.0 = Release|Any CPU
	EndGlobalSection
	GlobalSection(SolutionProperties) = preSolution
		HideSolutionNode = FALSE
	EndGlobalSection
	GlobalSection(ExtensibilityGlobals) = postSolution
		SolutionGuid = {5C7827DA-C311-495A-8C5A-0E3503CDDD9E}
	EndGlobalSection
EndGlobal
