
Microsoft Visual Studio Solution File, Format Version 12.00
# Visual Studio Version 17
VisualStudioVersion = 17.7.34031.279
MinimumVisualStudioVersion = 10.0.40219.1
Project("{FAE04EC0-301F-11D3-BF4B-00C04F79EFBC}") = "KMean_code_study", "KMean_code_study\KMean_code_study.csproj", "{1D3503B6-6D82-40AB-9794-2A894BF3BED1}"
EndProject
Project("{FAE04EC0-301F-11D3-BF4B-00C04F79EFBC}") = "VMLLib", "VMLLib\VMLLib.csproj", "{F5A4E4FE-7325-4B65-AA6C-311612D173AC}"
EndProject
Global
	GlobalSection(SolutionConfigurationPlatforms) = preSolution
		Debug|Any CPU = Debug|Any CPU
		Release|Any CPU = Release|Any CPU
	EndGlobalSection
	GlobalSection(ProjectConfigurationPlatforms) = postSolution
		{1D3503B6-6D82-40AB-9794-2A894BF3BED1}.Debug|Any CPU.ActiveCfg = Debug|Any CPU
		{1D3503B6-6D82-40AB-9794-2A894BF3BED1}.Debug|Any CPU.Build.0 = Debug|Any CPU
		{1D3503B6-6D82-40AB-9794-2A894BF3BED1}.Release|Any CPU.ActiveCfg = Release|Any CPU
		{1D3503B6-6D82-40AB-9794-2A894BF3BED1}.Release|Any CPU.Build.0 = Release|Any CPU
		{F5A4E4FE-7325-4B65-AA6C-311612D173AC}.Debug|Any CPU.ActiveCfg = Debug|Any CPU
		{F5A4E4FE-7325-4B65-AA6C-311612D173AC}.Debug|Any CPU.Build.0 = Debug|Any CPU
		{F5A4E4FE-7325-4B65-AA6C-311612D173AC}.Release|Any CPU.ActiveCfg = Release|Any CPU
		{F5A4E4FE-7325-4B65-AA6C-311612D173AC}.Release|Any CPU.Build.0 = Release|Any CPU
	EndGlobalSection
	GlobalSection(SolutionProperties) = preSolution
		HideSolutionNode = FALSE
	EndGlobalSection
	GlobalSection(ExtensibilityGlobals) = postSolution
		SolutionGuid = {12AD6A1C-F964-4D3B-BD37-13F5712BB6FD}
	EndGlobalSection
EndGlobal
