
Microsoft Visual Studio Solution File, Format Version 12.00
# Visual Studio Version 17
VisualStudioVersion = 17.7.34031.279
MinimumVisualStudioVersion = 10.0.40219.1
Project("{FAE04EC0-301F-11D3-BF4B-00C04F79EFBC}") = "Serial_Comm_WF_NET.F", "Serial_Comm_WF_NET.F\Serial_Comm_WF_NET.F.csproj", "{3FF454BE-8FAD-4946-8148-ED082DFC3724}"
EndProject
Global
	GlobalSection(SolutionConfigurationPlatforms) = preSolution
		Debug|Any CPU = Debug|Any CPU
		Release|Any CPU = Release|Any CPU
	EndGlobalSection
	GlobalSection(ProjectConfigurationPlatforms) = postSolution
		{3FF454BE-8FAD-4946-8148-ED082DFC3724}.Debug|Any CPU.ActiveCfg = Debug|Any CPU
		{3FF454BE-8FAD-4946-8148-ED082DFC3724}.Debug|Any CPU.Build.0 = Debug|Any CPU
		{3FF454BE-8FAD-4946-8148-ED082DFC3724}.Release|Any CPU.ActiveCfg = Release|Any CPU
		{3FF454BE-8FAD-4946-8148-ED082DFC3724}.Release|Any CPU.Build.0 = Release|Any CPU
	EndGlobalSection
	GlobalSection(SolutionProperties) = preSolution
		HideSolutionNode = FALSE
	EndGlobalSection
	GlobalSection(ExtensibilityGlobals) = postSolution
		SolutionGuid = {C00F56C6-D6FC-46CF-8941-6364CB08EDC2}
	EndGlobalSection
EndGlobal
